PODS:
  - IPaDesignableUI (2.2)
  - IPaImageURLLoader (2.1):
    - IPaDesignableUI (>= 2.2)
    - IPaSecurity
  - IPaLog (2.0)
  - IPaSecurity (2.0):
    - IPaLog

DEPENDENCIES:
  - IPaImageURLLoader (from `../`)

EXTERNAL SOURCES:
  IPaImageURLLoader:
    :path: ../

SPEC CHECKSUMS:
  IPaDesignableUI: 3d5964e24a22f7d3c47394a60df06b652162f178
  IPaImageURLLoader: 348acb6c67e4bce153b32020991d277c2ccb23bb
  IPaLog: acabecf56d0eee83490665dce601c24da4860ea1
  IPaSecurity: 09a2912ee69ba8f50c55380b57329ee1218988bd

PODFILE CHECKSUM: 4b2163f2d3f06a0211800e962399abe86fd9d8a1

COCOAPODS: 1.3.1
